
Microsoft Visual Studio Solution File, Format Version 12.00
# Visual Studio Version 17
VisualStudioVersion = 17.13.35825.156
MinimumVisualStudioVersion = 10.0.40219.1
Project("{FAE04EC0-301F-11D3-BF4B-00C04F79EFBC}") = "MedicalAppointments.Tests", "MedicalAppointments.Tests\MedicalAppointments.Tests.csproj", "{D0A847A1-4290-40CF-B0F3-01B5CC09E6F3}"
EndProject
Project("{FAE04EC0-301F-11D3-BF4B-00C04F79EFBC}") = "MedicalAppointments.Api", "MedicalAppointments.Api\MedicalAppointments.Api.csproj", "{7EA4DA49-1391-472A-90EC-D80A56FE8AB9}"
EndProject
Project("{FAE04EC0-301F-11D3-BF4B-00C04F79EFBC}") = "MedicalAppointments", "MedicalAppointments\MedicalAppointments\MedicalAppointments.csproj", "{0295FB63-9B5D-F5CB-ACAE-D620B75C84A8}"
EndProject
Project("{FAE04EC0-301F-11D3-BF4B-00C04F79EFBC}") = "MedicalAppointments.Client", "MedicalAppointments\MedicalAppointments.Client\MedicalAppointments.Client.csproj", "{2DAC38DD-A99F-BA28-06CD-98159F9509B5}"
EndProject
Global
	GlobalSection(SolutionConfigurationPlatforms) = preSolution
		Debug|Any CPU = Debug|Any CPU
		Release|Any CPU = Release|Any CPU
	EndGlobalSection
	GlobalSection(ProjectConfigurationPlatforms) = postSolution
		{D0A847A1-4290-40CF-B0F3-01B5CC09E6F3}.Debug|Any CPU.ActiveCfg = Debug|Any CPU
		{D0A847A1-4290-40CF-B0F3-01B5CC09E6F3}.Debug|Any CPU.Build.0 = Debug|Any CPU
		{D0A847A1-4290-40CF-B0F3-01B5CC09E6F3}.Release|Any CPU.ActiveCfg = Release|Any CPU
		{D0A847A1-4290-40CF-B0F3-01B5CC09E6F3}.Release|Any CPU.Build.0 = Release|Any CPU
		{7EA4DA49-1391-472A-90EC-D80A56FE8AB9}.Debug|Any CPU.ActiveCfg = Debug|Any CPU
		{7EA4DA49-1391-472A-90EC-D80A56FE8AB9}.Debug|Any CPU.Build.0 = Debug|Any CPU
		{7EA4DA49-1391-472A-90EC-D80A56FE8AB9}.Release|Any CPU.ActiveCfg = Release|Any CPU
		{7EA4DA49-1391-472A-90EC-D80A56FE8AB9}.Release|Any CPU.Build.0 = Release|Any CPU
		{0295FB63-9B5D-F5CB-ACAE-D620B75C84A8}.Debug|Any CPU.ActiveCfg = Debug|Any CPU
		{0295FB63-9B5D-F5CB-ACAE-D620B75C84A8}.Debug|Any CPU.Build.0 = Debug|Any CPU
		{0295FB63-9B5D-F5CB-ACAE-D620B75C84A8}.Release|Any CPU.ActiveCfg = Release|Any CPU
		{0295FB63-9B5D-F5CB-ACAE-D620B75C84A8}.Release|Any CPU.Build.0 = Release|Any CPU
		{2DAC38DD-A99F-BA28-06CD-98159F9509B5}.Debug|Any CPU.ActiveCfg = Debug|Any CPU
		{2DAC38DD-A99F-BA28-06CD-98159F9509B5}.Debug|Any CPU.Build.0 = Debug|Any CPU
		{2DAC38DD-A99F-BA28-06CD-98159F9509B5}.Release|Any CPU.ActiveCfg = Release|Any CPU
		{2DAC38DD-A99F-BA28-06CD-98159F9509B5}.Release|Any CPU.Build.0 = Release|Any CPU
	EndGlobalSection
	GlobalSection(SolutionProperties) = preSolution
		HideSolutionNode = FALSE
	EndGlobalSection
	GlobalSection(ExtensibilityGlobals) = postSolution
		SolutionGuid = {6CA5F16B-8855-4E12-951D-521DFC35BCE0}
	EndGlobalSection
EndGlobal
