
Microsoft Visual Studio Solution File, Format Version 12.00
# Visual Studio Version 17
VisualStudioVersion = 17.13.35825.156 d17.13
MinimumVisualStudioVersion = 10.0.40219.1
Project("{FAE04EC0-301F-11D3-BF4B-00C04F79EFBC}") = "MedicalAppointments", "MedicalAppointments\MedicalAppointments.csproj", "{298D94A7-B41F-4463-945C-3816C6104373}"
EndProject
Global
	GlobalSection(SolutionConfigurationPlatforms) = preSolution
		Debug|Any CPU = Debug|Any CPU
		Release|Any CPU = Release|Any CPU
	EndGlobalSection
	GlobalSection(ProjectConfigurationPlatforms) = postSolution
		{298D94A7-B41F-4463-945C-3816C6104373}.Debug|Any CPU.ActiveCfg = Debug|Any CPU
		{298D94A7-B41F-4463-945C-3816C6104373}.Debug|Any CPU.Build.0 = Debug|Any CPU
		{298D94A7-B41F-4463-945C-3816C6104373}.Release|Any CPU.ActiveCfg = Release|Any CPU
		{298D94A7-B41F-4463-945C-3816C6104373}.Release|Any CPU.Build.0 = Release|Any CPU
	EndGlobalSection
	GlobalSection(SolutionProperties) = preSolution
		HideSolutionNode = FALSE
	EndGlobalSection
	GlobalSection(ExtensibilityGlobals) = postSolution
		SolutionGuid = {6CA5F16B-8855-4E12-951D-521DFC35BCE0}
	EndGlobalSection
EndGlobal
